#MicroXplorer Configuration settings - do not modify
ADC.ContinuousConvMode=DISABLE
ADC.DMAContinuousRequests=DISABLE
ADC.IPParameters=NbrOfConversion,ContinuousConvMode,DMAContinuousRequests,SelectedChannel
ADC.NbrOfConversion=1
ADC.SelectedChannel=ADC_CHANNEL_0|ADC_CHANNEL_1|ADC_CHANNEL_4
CAD.formats=
CAD.pinconfig=
CAD.provider=
FREERTOS.FootprintOK=true
FREERTOS.IPParameters=Tasks01,configTOTAL_HEAP_SIZE,FootprintOK,Mutexes01,Queues01
FREERTOS.Mutexes01=adcMutex,Dynamic,NULL,Available;lcdMutex,Dynamic,NULL,Available
FREERTOS.Queues01=sensorQueue,16,8,1,Dynamic,NULL,NULL;commandQueue,8,8,1,Dynamic,NULL,NULL
FREERTOS.Tasks01=SoilTask,24,256,StartSoilTask,Default,NULL,Dynamic,NULL,NULL;LightTask,8,256,StartLightTask,Default,NULL,Dynamic,NULL,NULL;WaterTask,8,256,StartWaterTask,Default,NULL,Dynamic,NULL,NULL;DisplayTask,8,512,StartDisplayTask,Default,NULL,Dynamic,NULL,NULL;ButtonTask,24,128,StartButtonTask,Default,NULL,Dynamic,NULL,NULL;ControlTask,16,256,StartControlTask,Default,NULL,Dynamic,NULL,NULL;CommTask,24,256,StartCommTask,Default,NULL,Dynamic,NULL,NULL
FREERTOS.configTOTAL_HEAP_SIZE=16384
File.Version=6
GPIO.groupedBy=Group By Peripherals
I2C2.IPParameters=Timing
I2C2.Timing=0x00100D14
KeepUserPlacement=false
Mcu.CPN=STM32WLE5JCI7
Mcu.Family=STM32WL
Mcu.IP0=ADC
Mcu.IP1=FREERTOS
Mcu.IP2=I2C2
Mcu.IP3=NVIC
Mcu.IP4=RCC
Mcu.IP5=SYS
Mcu.IP6=USART1
Mcu.IPNb=7
Mcu.Name=STM32WLE5JCIx
Mcu.Package=UFBGA73
Mcu.Pin0=PA15
Mcu.Pin1=PB15
Mcu.Pin10=PB10
Mcu.Pin11=VP_FREERTOS_VS_CMSIS_V2
Mcu.Pin12=VP_SYS_VS_tim17
Mcu.Pin2=PB7
Mcu.Pin3=PB14
Mcu.Pin4=PA0
Mcu.Pin5=PB13
Mcu.Pin6=PB2
Mcu.Pin7=PB6
Mcu.Pin8=PA3
Mcu.Pin9=PA2
Mcu.PinsNb=13
Mcu.ThirdPartyNb=0
Mcu.UserConstants=
Mcu.UserName=STM32WLE5JCIx
MxCube.Version=6.16.1
MxDb.Version=DB.6.0.161
NVIC.BusFault_IRQn=true\:0\:0\:false\:false\:true\:false\:false\:false\:false
NVIC.DebugMonitor_IRQn=true\:0\:0\:false\:false\:true\:false\:false\:false\:false
NVIC.ForceEnableDMAVector=true
NVIC.HardFault_IRQn=true\:0\:0\:false\:false\:true\:false\:false\:false\:false
NVIC.MemoryManagement_IRQn=true\:0\:0\:false\:false\:true\:false\:false\:false\:false
NVIC.NonMaskableInt_IRQn=true\:0\:0\:false\:false\:true\:false\:false\:false\:false
NVIC.PendSV_IRQn=true\:15\:0\:false\:false\:false\:true\:false\:false\:false
NVIC.PriorityGroup=NVIC_PRIORITYGROUP_4
NVIC.SVCall_IRQn=true\:0\:0\:false\:false\:false\:false\:false\:false\:false
NVIC.SavedPendsvIrqHandlerGenerated=true
NVIC.SavedSvcallIrqHandlerGenerated=true
NVIC.SavedSystickIrqHandlerGenerated=true
NVIC.SysTick_IRQn=true\:15\:0\:false\:false\:false\:true\:false\:true\:false
NVIC.TIM17_IRQn=true\:15\:0\:false\:false\:true\:false\:false\:true\:true
NVIC.TimeBase=TIM17_IRQn
NVIC.TimeBaseIP=TIM17
NVIC.USART1_IRQn=true\:5\:0\:false\:false\:true\:true\:true\:true\:true
NVIC.UsageFault_IRQn=true\:0\:0\:false\:false\:true\:false\:false\:false\:false
PA0.GPIOParameters=GPIO_PuPd,GPIO_Label
PA0.GPIO_Label=BTN_VIEW
PA0.GPIO_PuPd=GPIO_PULLUP
PA0.Locked=true
PA0.Signal=GPIO_Input
PA15.Mode=I2C
PA15.Signal=I2C2_SDA
PA2.GPIOParameters=GPIO_PuPd,GPIO_Label
PA2.GPIO_Label=BTN_PUMP
PA2.GPIO_PuPd=GPIO_PULLUP
PA2.Locked=true
PA2.Signal=GPIO_Input
PA3.GPIOParameters=GPIO_PuPd,GPIO_Label
PA3.GPIO_Label=BTN_MODE
PA3.GPIO_PuPd=GPIO_PULLUP
PA3.Locked=true
PA3.Signal=GPIO_Input
PB10.GPIOParameters=PinState,GPIO_PuPd,GPIO_Label
PB10.GPIO_Label=RELAY_PUMP
PB10.GPIO_PuPd=GPIO_PULLUP
PB10.Locked=true
PB10.PinState=GPIO_PIN_SET
PB10.Signal=GPIO_Output
PB13.Mode=IN0
PB13.Signal=ADC_IN0
PB14.Mode=IN1
PB14.Signal=ADC_IN1
PB15.Locked=true
PB15.Mode=I2C
PB15.Signal=I2C2_SCL
PB2.Mode=IN4
PB2.Signal=ADC_IN4
PB6.Mode=Asynchronous
PB6.Signal=USART1_TX
PB7.Mode=Asynchronous
PB7.Signal=USART1_RX
PCC.SUBGHZ.FrequencyBand=High
PCC.SUBGHZ.Modulation=FSK
PCC.SUBGHZ.OptionalSettings=false
PCC.SUBGHZ.Output.Power=14
PCC.SUBGHZ.PowerAmplifier=Low Power
PCC.SUBGHZ.RxBoosted=false
PCC.SUBGHZ.SMPS=Off
PinOutPanel.CurrentBGAView=Top
PinOutPanel.RotationAngle=0
ProjectManager.AskForMigrate=true
ProjectManager.BackupPrevious=false
ProjectManager.CompilerLinker=GCC
ProjectManager.CompilerOptimize=6
ProjectManager.ComputerToolchain=false
ProjectManager.CoupleFile=true
ProjectManager.CustomerFirmwarePackage=
ProjectManager.DefaultFWLocation=true
ProjectManager.DeletePrevious=true
ProjectManager.DeviceId=STM32WLE5JCIx
ProjectManager.FirmwarePackage=STM32Cube FW_WL V1.4.0
ProjectManager.FreePins=false
ProjectManager.FreePinsContext=
ProjectManager.HalAssertFull=false
ProjectManager.HeapSize=0x200
ProjectManager.KeepUserCode=true
ProjectManager.LastFirmware=true
ProjectManager.LibraryCopy=1
ProjectManager.MainLocation=Core/Src
ProjectManager.NoMain=false
ProjectManager.PreviousToolchain=STM32CubeIDE
ProjectManager.ProjectBuild=false
ProjectManager.ProjectFileName=smart-pot-freertos.ioc
ProjectManager.ProjectName=smart-pot-freertos
ProjectManager.ProjectStructure=
ProjectManager.RegisterCallBack=
ProjectManager.StackSize=0x400
ProjectManager.TargetToolchain=STM32CubeIDE
ProjectManager.ToolChainLocation=
ProjectManager.UAScriptAfterPath=
ProjectManager.UAScriptBeforePath=
ProjectManager.UnderRoot=true
ProjectManager.functionlistsort=1-SystemClock_Config-RCC-false-HAL-false,2-MX_GPIO_Init-GPIO-false-HAL-true,3-MX_ADC_Init-ADC-false-HAL-true,4-MX_USART1_UART_Init-USART1-false-HAL-true,5-MX_I2C2_Init-I2C2-false-HAL-true
RCC.FamilyName=M
RCC.HSE_VALUE=8000000
RCC.HSI_VALUE=16000000
RCC.I2S2Freq_Value=16000000
RCC.IPParameters=FamilyName,HSE_VALUE,HSI_VALUE,I2S2Freq_Value,LSCOPinFreq_Value,LSE_VALUE,PLLPoutputFreq_Value,PLLQoutputFreq_Value,PLLRCLKFreq_Value,RNGFreq_Value,VCOInputFreq_Value,VCOOutputFreq_Value
RCC.LSCOPinFreq_Value=32000
RCC.LSE_VALUE=32768
RCC.PLLPoutputFreq_Value=16000000
RCC.PLLQoutputFreq_Value=16000000
RCC.PLLRCLKFreq_Value=16000000
RCC.RNGFreq_Value=32000
RCC.VCOInputFreq_Value=4000000
RCC.VCOOutputFreq_Value=32000000
USART1.IPParameters=VirtualMode-Asynchronous
USART1.VirtualMode-Asynchronous=VM_ASYNC
VP_FREERTOS_VS_CMSIS_V2.Mode=CMSIS_V2
VP_FREERTOS_VS_CMSIS_V2.Signal=FREERTOS_VS_CMSIS_V2
VP_SYS_VS_tim17.Mode=TIM17
VP_SYS_VS_tim17.Signal=SYS_VS_tim17
board=custom
rtos.0.ip=FREERTOS
